// !$*UTF8*$!
{
	archiveVersion = 1;
	classes = {
	};
	objectVersion = 46;
	objects = {

/* Begin PBXBuildFile section */
		8E54A6781D144996009D4506 /* AppDelegate.swift in Sources */ = {isa = PBXBuildFile; fileRef = 8E54A6771D144996009D4506 /* AppDelegate.swift */; };
		8E54A67A1D144996009D4506 /* ViewController.swift in Sources */ = {isa = PBXBuildFile; fileRef = 8E54A6791D144996009D4506 /* ViewController.swift */; };
		8E54A67D1D144996009D4506 /* Main.storyboard in Resources */ = {isa = PBXBuildFile; fileRef = 8E54A67B1D144996009D4506 /* Main.storyboard */; };
		8E54A6801D144996009D4506 /* grubb.xcdatamodeld in Sources */ = {isa = PBXBuildFile; fileRef = 8E54A67E1D144996009D4506 /* grubb.xcdatamodeld */; };
		8E54A6821D144996009D4506 /* Assets.xcassets in Resources */ = {isa = PBXBuildFile; fileRef = 8E54A6811D144996009D4506 /* Assets.xcassets */; };
		8E54A6851D144996009D4506 /* LaunchScreen.storyboard in Resources */ = {isa = PBXBuildFile; fileRef = 8E54A6831D144996009D4506 /* LaunchScreen.storyboard */; };
		8E54A6901D14564A009D4506 /* Food.swift in Sources */ = {isa = PBXBuildFile; fileRef = 8E54A68F1D14564A009D4506 /* Food.swift */; };
		8E54A6921D1458C0009D4506 /* ExploreVC.swift in Sources */ = {isa = PBXBuildFile; fileRef = 8E54A6911D1458C0009D4506 /* ExploreVC.swift */; };
		8E54A6941D145AF6009D4506 /* FoodCell.swift in Sources */ = {isa = PBXBuildFile; fileRef = 8E54A6931D145AF6009D4506 /* FoodCell.swift */; };
/* End PBXBuildFile section */

/* Begin PBXFileReference section */
		8E54A6741D144996009D4506 /* grubb.app */ = {isa = PBXFileReference; explicitFileType = wrapper.application; includeInIndex = 0; path = grubb.app; sourceTree = BUILT_PRODUCTS_DIR; };
		8E54A6771D144996009D4506 /* AppDelegate.swift */ = {isa = PBXFileReference; lastKnownFileType = sourcecode.swift; path = AppDelegate.swift; sourceTree = "<group>"; };
		8E54A6791D144996009D4506 /* ViewController.swift */ = {isa = PBXFileReference; lastKnownFileType = sourcecode.swift; path = ViewController.swift; sourceTree = "<group>"; };
		8E54A67C1D144996009D4506 /* Base */ = {isa = PBXFileReference; lastKnownFileType = file.storyboard; name = Base; path = Base.lproj/Main.storyboard; sourceTree = "<group>"; };
		8E54A67F1D144996009D4506 /* grubb.xcdatamodel */ = {isa = PBXFileReference; lastKnownFileType = wrapper.xcdatamodel; path = grubb.xcdatamodel; sourceTree = "<group>"; };
		8E54A6811D144996009D4506 /* Assets.xcassets */ = {isa = PBXFileReference; lastKnownFileType = folder.assetcatalog; path = Assets.xcassets; sourceTree = "<group>"; };
		8E54A6841D144996009D4506 /* Base */ = {isa = PBXFileReference; lastKnownFileType = file.storyboard; name = Base; path = Base.lproj/LaunchScreen.storyboard; sourceTree = "<group>"; };
		8E54A6861D144996009D4506 /* Info.plist */ = {isa = PBXFileReference; lastKnownFileType = text.plist.xml; path = Info.plist; sourceTree = "<group>"; };
		8E54A68F1D14564A009D4506 /* Food.swift */ = {isa = PBXFileReference; fileEncoding = 4; lastKnownFileType = sourcecode.swift; path = Food.swift; sourceTree = "<group>"; };
		8E54A6911D1458C0009D4506 /* ExploreVC.swift */ = {isa = PBXFileReference; fileEncoding = 4; lastKnownFileType = sourcecode.swift; path = ExploreVC.swift; sourceTree = "<group>"; };
		8E54A6931D145AF6009D4506 /* FoodCell.swift */ = {isa = PBXFileReference; fileEncoding = 4; lastKnownFileType = sourcecode.swift; path = FoodCell.swift; sourceTree = "<group>"; };
/* End PBXFileReference section */

/* Begin PBXFrameworksBuildPhase section */
		8E54A6711D144996009D4506 /* Frameworks */ = {
			isa = PBXFrameworksBuildPhase;
			buildActionMask = 2147483647;
			files = (
			);
			runOnlyForDeploymentPostprocessing = 0;
		};
/* End PBXFrameworksBuildPhase section */

/* Begin PBXGroup section */
		8E54A66B1D144996009D4506 = {
			isa = PBXGroup;
			children = (
				8E54A6761D144996009D4506 /* grubb */,
				8E54A6751D144996009D4506 /* Products */,
			);
			sourceTree = "<group>";
		};
		8E54A6751D144996009D4506 /* Products */ = {
			isa = PBXGroup;
			children = (
				8E54A6741D144996009D4506 /* grubb.app */,
			);
			name = Products;
			sourceTree = "<group>";
		};
		8E54A6761D144996009D4506 /* grubb */ = {
			isa = PBXGroup;
			children = (
				8E54A68E1D144E86009D4506 /* Model */,
				8E54A68D1D144E83009D4506 /* View */,
				8E54A68C1D144E7C009D4506 /* Controller */,
				8E54A6771D144996009D4506 /* AppDelegate.swift */,
				8E54A67B1D144996009D4506 /* Main.storyboard */,
				8E54A6811D144996009D4506 /* Assets.xcassets */,
				8E54A6831D144996009D4506 /* LaunchScreen.storyboard */,
				8E54A6861D144996009D4506 /* Info.plist */,
				8E54A67E1D144996009D4506 /* grubb.xcdatamodeld */,
			);
			path = grubb;
			sourceTree = "<group>";
		};
		8E54A68C1D144E7C009D4506 /* Controller */ = {
			isa = PBXGroup;
			children = (
				8E54A6791D144996009D4506 /* ViewController.swift */,
				8E54A6911D1458C0009D4506 /* ExploreVC.swift */,
			);
			name = Controller;
			sourceTree = "<group>";
		};
		8E54A68D1D144E83009D4506 /* View */ = {
			isa = PBXGroup;
			children = (
				8E54A6931D145AF6009D4506 /* FoodCell.swift */,
			);
			name = View;
			sourceTree = "<group>";
		};
		8E54A68E1D144E86009D4506 /* Model */ = {
			isa = PBXGroup;
			children = (
				8E54A68F1D14564A009D4506 /* Food.swift */,
			);
			name = Model;
			sourceTree = "<group>";
		};
/* End PBXGroup section */

/* Begin PBXNativeTarget section */
		8E54A6731D144996009D4506 /* grubb */ = {
			isa = PBXNativeTarget;
			buildConfigurationList = 8E54A6891D144996009D4506 /* Build configuration list for PBXNativeTarget "grubb" */;
			buildPhases = (
				8E54A6701D144996009D4506 /* Sources */,
				8E54A6711D144996009D4506 /* Frameworks */,
				8E54A6721D144996009D4506 /* Resources */,
			);
			buildRules = (
			);
			dependencies = (
			);
			name = grubb;
			productName = grubb;
			productReference = 8E54A6741D144996009D4506 /* grubb.app */;
			productType = "com.apple.product-type.application";
		};
/* End PBXNativeTarget section */

/* Begin PBXProject section */
		8E54A66C1D144996009D4506 /* Project object */ = {
			isa = PBXProject;
			attributes = {
				LastSwiftUpdateCheck = 0730;
				LastUpgradeCheck = 0730;
				ORGANIZATIONNAME = grubapp;
				TargetAttributes = {
					8E54A6731D144996009D4506 = {
						CreatedOnToolsVersion = 7.3.1;
					};
				};
			};
			buildConfigurationList = 8E54A66F1D144996009D4506 /* Build configuration list for PBXProject "grubb" */;
			compatibilityVersion = "Xcode 3.2";
			developmentRegion = English;
			hasScannedForEncodings = 0;
			knownRegions = (
				en,
				Base,
			);
			mainGroup = 8E54A66B1D144996009D4506;
			productRefGroup = 8E54A6751D144996009D4506 /* Products */;
			projectDirPath = "";
			projectRoot = "";
			targets = (
				8E54A6731D144996009D4506 /* grubb */,
			);
		};
/* End PBXProject section */

/* Begin PBXResourcesBuildPhase section */
		8E54A6721D144996009D4506 /* Resources */ = {
			isa = PBXResourcesBuildPhase;
			buildActionMask = 2147483647;
			files = (
				8E54A6851D144996009D4506 /* LaunchScreen.storyboard in Resources */,
				8E54A6821D144996009D4506 /* Assets.xcassets in Resources */,
				8E54A67D1D144996009D4506 /* Main.storyboard in Resources */,
			);
			runOnlyForDeploymentPostprocessing = 0;
		};
/* End PBXResourcesBuildPhase section */

/* Begin PBXSourcesBuildPhase section */
		8E54A6701D144996009D4506 /* Sources */ = {
			isa = PBXSourcesBuildPhase;
			buildActionMask = 2147483647;
			files = (
				8E54A67A1D144996009D4506 /* ViewController.swift in Sources */,
				8E54A6941D145AF6009D4506 /* FoodCell.swift in Sources */,
				8E54A6901D14564A009D4506 /* Food.swift in Sources */,
				8E54A6921D1458C0009D4506 /* ExploreVC.swift in Sources */,
				8E54A6801D144996009D4506 /* grubb.xcdatamodeld in Sources */,
				8E54A6781D144996009D4506 /* AppDelegate.swift in Sources */,
			);
			runOnlyForDeploymentPostprocessing = 0;
		};
/* End PBXSourcesBuildPhase section */

/* Begin PBXVariantGroup section */
		8E54A67B1D144996009D4506 /* Main.storyboard */ = {
			isa = PBXVariantGroup;
			children = (
				8E54A67C1D144996009D4506 /* Base */,
			);
			name = Main.storyboard;
			sourceTree = "<group>";
		};
		8E54A6831D144996009D4506 /* LaunchScreen.storyboard */ = {
			isa = PBXVariantGroup;
			children = (
				8E54A6841D144996009D4506 /* Base */,
			);
			name = LaunchScreen.storyboard;
			sourceTree = "<group>";
		};
/* End PBXVariantGroup section */

/* Begin XCBuildConfiguration section */
		8E54A6871D144996009D4506 /* Debug */ = {
			isa = XCBuildConfiguration;
			buildSettings = {
				ALWAYS_SEARCH_USER_PATHS = NO;
				CLANG_ANALYZER_NONNULL = YES;
				CLANG_CXX_LANGUAGE_STANDARD = "gnu++0x";
				CLANG_CXX_LIBRARY = "libc++";
				CLANG_ENABLE_MODULES = YES;
				CLANG_ENABLE_OBJC_ARC = YES;
				CLANG_WARN_BOOL_CONVERSION = YES;
				CLANG_WARN_CONSTANT_CONVERSION = YES;
				CLANG_WARN_DIRECT_OBJC_ISA_USAGE = YES_ERROR;
				CLANG_WARN_EMPTY_BODY = YES;
				CLANG_WARN_ENUM_CONVERSION = YES;
				CLANG_WARN_INT_CONVERSION = YES;
				CLANG_WARN_OBJC_ROOT_CLASS = YES_ERROR;
				CLANG_WARN_UNREACHABLE_CODE = YES;
				CLANG_WARN__DUPLICATE_METHOD_MATCH = YES;
				"CODE_SIGN_IDENTITY[sdk=iphoneos*]" = "iPhone Developer";
				COPY_PHASE_STRIP = NO;
				DEBUG_INFORMATION_FORMAT = dwarf;
				ENABLE_STRICT_OBJC_MSGSEND = YES;
				ENABLE_TESTABILITY = YES;
				GCC_C_LANGUAGE_STANDARD = gnu99;
				GCC_DYNAMIC_NO_PIC = NO;
				GCC_NO_COMMON_BLOCKS = YES;
				GCC_OPTIMIZATION_LEVEL = 0;
				GCC_PREPROCESSOR_DEFINITIONS = (
					"DEBUG=1",
					"$(inherited)",
				);
				GCC_WARN_64_TO_32_BIT_CONVERSION = YES;
				GCC_WARN_ABOUT_RETURN_TYPE = YES_ERROR;
				GCC_WARN_UNDECLARED_SELECTOR = YES;
				GCC_WARN_UNINITIALIZED_AUTOS = YES_AGGRESSIVE;
				GCC_WARN_UNUSED_FUNCTION = YES;
				GCC_WARN_UNUSED_VARIABLE = YES;
				IPHONEOS_DEPLOYMENT_TARGET = 9.3;
				MTL_ENABLE_DEBUG_INFO = YES;
				ONLY_ACTIVE_ARCH = YES;
				SDKROOT = iphoneos;
				SWIFT_OPTIMIZATION_LEVEL = "-Onone";
			};
			name = Debug;
		};
		8E54A6881D144996009D4506 /* Release */ = {
			isa = XCBuildConfiguration;
			buildSettings = {
				ALWAYS_SEARCH_USER_PATHS = NO;
				CLANG_ANALYZER_NONNULL = YES;
				CLANG_CXX_LANGUAGE_STANDARD = "gnu++0x";
				CLANG_CXX_LIBRARY = "libc++";
				CLANG_ENABLE_MODULES = YES;
				CLANG_ENABLE_OBJC_ARC = YES;
				CLANG_WARN_BOOL_CONVERSION = YES;
				CLANG_WARN_CONSTANT_CONVERSION = YES;
				CLANG_WARN_DIRECT_OBJC_ISA_USAGE = YES_ERROR;
				CLANG_WARN_EMPTY_BODY = YES;
				CLANG_WARN_ENUM_CONVERSION = YES;
				CLANG_WARN_INT_CONVERSION = YES;
				CLANG_WARN_OBJC_ROOT_CLASS = YES_ERROR;
				CLANG_WARN_UNREACHABLE_CODE = YES;
				CLANG_WARN__DUPLICATE_METHOD_MATCH = YES;
				"CODE_SIGN_IDENTITY[sdk=iphoneos*]" = "iPhone Developer";
				COPY_PHASE_STRIP = NO;
				DEBUG_INFORMATION_FORMAT = "dwarf-with-dsym";
				ENABLE_NS_ASSERTIONS = NO;
				ENABLE_STRICT_OBJC_MSGSEND = YES;
				GCC_C_LANGUAGE_STANDARD = gnu99;
				GCC_NO_COMMON_BLOCKS = YES;
				GCC_WARN_64_TO_32_BIT_CONVERSION = YES;
				GCC_WARN_ABOUT_RETURN_TYPE = YES_ERROR;
				GCC_WARN_UNDECLARED_SELECTOR = YES;
				GCC_WARN_UNINITIALIZED_AUTOS = YES_AGGRESSIVE;
				GCC_WARN_UNUSED_FUNCTION = YES;
				GCC_WARN_UNUSED_VARIABLE = YES;
				IPHONEOS_DEPLOYMENT_TARGET = 9.3;
				MTL_ENABLE_DEBUG_INFO = NO;
				SDKROOT = iphoneos;
				VALIDATE_PRODUCT = YES;
			};
			name = Release;
		};
		8E54A68A1D144996009D4506 /* Debug */ = {
			isa = XCBuildConfiguration;
			buildSettings = {
				ASSETCATALOG_COMPILER_APPICON_NAME = AppIcon;
				INFOPLIST_FILE = grubb/Info.plist;
				LD_RUNPATH_SEARCH_PATHS = "$(inherited) @executable_path/Frameworks";
				PRODUCT_BUNDLE_IDENTIFIER = grubapp.grubb;
				PRODUCT_NAME = "$(TARGET_NAME)";
			};
			name = Debug;
		};
		8E54A68B1D144996009D4506 /* Release */ = {
			isa = XCBuildConfiguration;
			buildSettings = {
				ASSETCATALOG_COMPILER_APPICON_NAME = AppIcon;
				INFOPLIST_FILE = grubb/Info.plist;
				LD_RUNPATH_SEARCH_PATHS = "$(inherited) @executable_path/Frameworks";
				PRODUCT_BUNDLE_IDENTIFIER = grubapp.grubb;
				PRODUCT_NAME = "$(TARGET_NAME)";
			};
			name = Release;
		};
/* End XCBuildConfiguration section */

/* Begin XCConfigurationList section */
		8E54A66F1D144996009D4506 /* Build configuration list for PBXProject "grubb" */ = {
			isa = XCConfigurationList;
			buildConfigurations = (
				8E54A6871D144996009D4506 /* Debug */,
				8E54A6881D144996009D4506 /* Release */,
			);
			defaultConfigurationIsVisible = 0;
			defaultConfigurationName = Release;
		};
		8E54A6891D144996009D4506 /* Build configuration list for PBXNativeTarget "grubb" */ = {
			isa = XCConfigurationList;
			buildConfigurations = (
				8E54A68A1D144996009D4506 /* Debug */,
				8E54A68B1D144996009D4506 /* Release */,
			);
			defaultConfigurationIsVisible = 0;
		};
/* End XCConfigurationList section */

/* Begin XCVersionGroup section */
		8E54A67E1D144996009D4506 /* grubb.xcdatamodeld */ = {
			isa = XCVersionGroup;
			children = (
				8E54A67F1D144996009D4506 /* grubb.xcdatamodel */,
			);
			currentVersion = 8E54A67F1D144996009D4506 /* grubb.xcdatamodel */;
			path = grubb.xcdatamodeld;
			sourceTree = "<group>";
			versionGroupType = wrapper.xcdatamodel;
		};
/* End XCVersionGroup section */
	};
	rootObject = 8E54A66C1D144996009D4506 /* Project object */;
}
