// !$*UTF8*$!
{
	archiveVersion = 1;
	classes = {
	};
	objectVersion = 46;
	objects = {

/* Begin PBXBuildFile section */
		8E0137421D1739100041FDAD /* Constants.swift in Sources */ = {isa = PBXBuildFile; fileRef = 8E0137411D1739100041FDAD /* Constants.swift */; };
		8E01374D1D185CD10041FDAD /* newPostTextField.swift in Sources */ = {isa = PBXBuildFile; fileRef = 8E01374C1D185CD10041FDAD /* newPostTextField.swift */; };
		8E0137511D187D140041FDAD /* categoryButton.swift in Sources */ = {isa = PBXBuildFile; fileRef = 8E0137501D187D140041FDAD /* categoryButton.swift */; };
		8E01376A1D19E4E80041FDAD /* DraggableView.swift in Sources */ = {isa = PBXBuildFile; fileRef = 8E0137691D19E4E80041FDAD /* DraggableView.swift */; };
		8E01376C1D19E5070041FDAD /* DraggableViewBackground.swift in Sources */ = {isa = PBXBuildFile; fileRef = 8E01376B1D19E5070041FDAD /* DraggableViewBackground.swift */; };
		8E01376E1D19E5200041FDAD /* OverlayView.swift in Sources */ = {isa = PBXBuildFile; fileRef = 8E01376D1D19E5200041FDAD /* OverlayView.swift */; };
		8E0137701D1A4E600041FDAD /* searchField.swift in Sources */ = {isa = PBXBuildFile; fileRef = 8E01376F1D1A4E600041FDAD /* searchField.swift */; };
		8E0137781D1B398B0041FDAD /* MapVC.swift in Sources */ = {isa = PBXBuildFile; fileRef = 8E0137771D1B398B0041FDAD /* MapVC.swift */; };
		8E01377C1D1DA36A0041FDAD /* foodPreview.swift in Sources */ = {isa = PBXBuildFile; fileRef = 8E01377B1D1DA36A0041FDAD /* foodPreview.swift */; };
		8E01377E1D1DF5930041FDAD /* navigationView.swift in Sources */ = {isa = PBXBuildFile; fileRef = 8E01377D1D1DF5930041FDAD /* navigationView.swift */; };
		8E3496FB1D2B72FD00273B0F /* newPostVC.swift in Sources */ = {isa = PBXBuildFile; fileRef = 8E0137451D17525F0041FDAD /* newPostVC.swift */; };
		8E3496FD1D2B734500273B0F /* foodImageModalVC.swift in Sources */ = {isa = PBXBuildFile; fileRef = 8E3496FC1D2B734500273B0F /* foodImageModalVC.swift */; };
		8E54A6781D144996009D4506 /* AppDelegate.swift in Sources */ = {isa = PBXBuildFile; fileRef = 8E54A6771D144996009D4506 /* AppDelegate.swift */; };
		8E54A67A1D144996009D4506 /* ViewController.swift in Sources */ = {isa = PBXBuildFile; fileRef = 8E54A6791D144996009D4506 /* ViewController.swift */; };
		8E54A67D1D144996009D4506 /* Main.storyboard in Resources */ = {isa = PBXBuildFile; fileRef = 8E54A67B1D144996009D4506 /* Main.storyboard */; };
		8E54A6801D144996009D4506 /* grubb.xcdatamodeld in Sources */ = {isa = PBXBuildFile; fileRef = 8E54A67E1D144996009D4506 /* grubb.xcdatamodeld */; };
		8E54A6821D144996009D4506 /* Assets.xcassets in Resources */ = {isa = PBXBuildFile; fileRef = 8E54A6811D144996009D4506 /* Assets.xcassets */; };
		8E54A6851D144996009D4506 /* LaunchScreen.storyboard in Resources */ = {isa = PBXBuildFile; fileRef = 8E54A6831D144996009D4506 /* LaunchScreen.storyboard */; };
		8E54A6901D14564A009D4506 /* Food.swift in Sources */ = {isa = PBXBuildFile; fileRef = 8E54A68F1D14564A009D4506 /* Food.swift */; };
		8E54A6921D1458C0009D4506 /* ExploreVC.swift in Sources */ = {isa = PBXBuildFile; fileRef = 8E54A6911D1458C0009D4506 /* ExploreVC.swift */; };
		8E54A6941D145AF6009D4506 /* FoodCell.swift in Sources */ = {isa = PBXBuildFile; fileRef = 8E54A6931D145AF6009D4506 /* FoodCell.swift */; };
		8E54A6961D146C9C009D4506 /* itemVC.swift in Sources */ = {isa = PBXBuildFile; fileRef = 8E54A6951D146C9C009D4506 /* itemVC.swift */; };
		8E54A6981D14B2CD009D4506 /* CameraVC.swift in Sources */ = {isa = PBXBuildFile; fileRef = 8E54A6971D14B2CD009D4506 /* CameraVC.swift */; };
		8E69197B1D21A202003A6FE2 /* GoogleService-Info.plist in Resources */ = {isa = PBXBuildFile; fileRef = 8E69197A1D21A202003A6FE2 /* GoogleService-Info.plist */; };
		8E6919801D22D6B3003A6FE2 /* BatchClientPush.swift in Sources */ = {isa = PBXBuildFile; fileRef = 8E69197F1D22D6B3003A6FE2 /* BatchClientPush.swift */; };
		8E6919821D22DE26003A6FE2 /* LikesManager.swift in Sources */ = {isa = PBXBuildFile; fileRef = 8E6919811D22DE26003A6FE2 /* LikesManager.swift */; };
		8E6919851D25D76C003A6FE2 /* ReportVC.swift in Sources */ = {isa = PBXBuildFile; fileRef = 8E6919841D25D76C003A6FE2 /* ReportVC.swift */; };
		8E85BF341D301F7400FEA09F /* OfflineManager.swift in Sources */ = {isa = PBXBuildFile; fileRef = 8E85BF331D301F7400FEA09F /* OfflineManager.swift */; };
		D455998AE30EE6517BEBD3CF /* Pods_grubb.framework in Frameworks */ = {isa = PBXBuildFile; fileRef = EEF47434F0575E06892BACAB /* Pods_grubb.framework */; };
/* End PBXBuildFile section */

/* Begin PBXFileReference section */
		8E0137411D1739100041FDAD /* Constants.swift */ = {isa = PBXFileReference; fileEncoding = 4; lastKnownFileType = sourcecode.swift; path = Constants.swift; sourceTree = "<group>"; };
		8E0137451D17525F0041FDAD /* newPostVC.swift */ = {isa = PBXFileReference; fileEncoding = 4; lastKnownFileType = sourcecode.swift; path = newPostVC.swift; sourceTree = "<group>"; };
		8E01374C1D185CD10041FDAD /* newPostTextField.swift */ = {isa = PBXFileReference; fileEncoding = 4; lastKnownFileType = sourcecode.swift; path = newPostTextField.swift; sourceTree = "<group>"; };
		8E0137501D187D140041FDAD /* categoryButton.swift */ = {isa = PBXFileReference; fileEncoding = 4; lastKnownFileType = sourcecode.swift; path = categoryButton.swift; sourceTree = "<group>"; };
		8E0137541D189E180041FDAD /* grubb-Bridging-Header.h */ = {isa = PBXFileReference; lastKnownFileType = sourcecode.c.h; path = "grubb-Bridging-Header.h"; sourceTree = "<group>"; };
		8E0137691D19E4E80041FDAD /* DraggableView.swift */ = {isa = PBXFileReference; fileEncoding = 4; lastKnownFileType = sourcecode.swift; path = DraggableView.swift; sourceTree = "<group>"; };
		8E01376B1D19E5070041FDAD /* DraggableViewBackground.swift */ = {isa = PBXFileReference; fileEncoding = 4; lastKnownFileType = sourcecode.swift; path = DraggableViewBackground.swift; sourceTree = "<group>"; };
		8E01376D1D19E5200041FDAD /* OverlayView.swift */ = {isa = PBXFileReference; fileEncoding = 4; lastKnownFileType = sourcecode.swift; path = OverlayView.swift; sourceTree = "<group>"; };
		8E01376F1D1A4E600041FDAD /* searchField.swift */ = {isa = PBXFileReference; fileEncoding = 4; lastKnownFileType = sourcecode.swift; path = searchField.swift; sourceTree = "<group>"; };
		8E0137771D1B398B0041FDAD /* MapVC.swift */ = {isa = PBXFileReference; fileEncoding = 4; lastKnownFileType = sourcecode.swift; path = MapVC.swift; sourceTree = "<group>"; };
		8E01377B1D1DA36A0041FDAD /* foodPreview.swift */ = {isa = PBXFileReference; fileEncoding = 4; lastKnownFileType = sourcecode.swift; path = foodPreview.swift; sourceTree = "<group>"; };
		8E01377D1D1DF5930041FDAD /* navigationView.swift */ = {isa = PBXFileReference; fileEncoding = 4; lastKnownFileType = sourcecode.swift; path = navigationView.swift; sourceTree = "<group>"; };
		8E3496FC1D2B734500273B0F /* foodImageModalVC.swift */ = {isa = PBXFileReference; fileEncoding = 4; lastKnownFileType = sourcecode.swift; path = foodImageModalVC.swift; sourceTree = "<group>"; };
		8E54A6741D144996009D4506 /* Grubb.app */ = {isa = PBXFileReference; explicitFileType = wrapper.application; includeInIndex = 0; path = Grubb.app; sourceTree = BUILT_PRODUCTS_DIR; };
		8E54A6771D144996009D4506 /* AppDelegate.swift */ = {isa = PBXFileReference; lastKnownFileType = sourcecode.swift; path = AppDelegate.swift; sourceTree = "<group>"; };
		8E54A6791D144996009D4506 /* ViewController.swift */ = {isa = PBXFileReference; lastKnownFileType = sourcecode.swift; path = ViewController.swift; sourceTree = "<group>"; };
		8E54A67C1D144996009D4506 /* Base */ = {isa = PBXFileReference; lastKnownFileType = file.storyboard; name = Base; path = Base.lproj/Main.storyboard; sourceTree = "<group>"; };
		8E54A67F1D144996009D4506 /* grubb.xcdatamodel */ = {isa = PBXFileReference; lastKnownFileType = wrapper.xcdatamodel; path = grubb.xcdatamodel; sourceTree = "<group>"; };
		8E54A6811D144996009D4506 /* Assets.xcassets */ = {isa = PBXFileReference; lastKnownFileType = folder.assetcatalog; path = Assets.xcassets; sourceTree = "<group>"; };
		8E54A6841D144996009D4506 /* Base */ = {isa = PBXFileReference; lastKnownFileType = file.storyboard; name = Base; path = Base.lproj/LaunchScreen.storyboard; sourceTree = "<group>"; };
		8E54A6861D144996009D4506 /* Info.plist */ = {isa = PBXFileReference; lastKnownFileType = text.plist.xml; path = Info.plist; sourceTree = "<group>"; };
		8E54A68F1D14564A009D4506 /* Food.swift */ = {isa = PBXFileReference; fileEncoding = 4; lastKnownFileType = sourcecode.swift; path = Food.swift; sourceTree = "<group>"; };
		8E54A6911D1458C0009D4506 /* ExploreVC.swift */ = {isa = PBXFileReference; fileEncoding = 4; lastKnownFileType = sourcecode.swift; path = ExploreVC.swift; sourceTree = "<group>"; };
		8E54A6931D145AF6009D4506 /* FoodCell.swift */ = {isa = PBXFileReference; fileEncoding = 4; lastKnownFileType = sourcecode.swift; path = FoodCell.swift; sourceTree = "<group>"; };
		8E54A6951D146C9C009D4506 /* itemVC.swift */ = {isa = PBXFileReference; fileEncoding = 4; lastKnownFileType = sourcecode.swift; path = itemVC.swift; sourceTree = "<group>"; };
		8E54A6971D14B2CD009D4506 /* CameraVC.swift */ = {isa = PBXFileReference; fileEncoding = 4; lastKnownFileType = sourcecode.swift; path = CameraVC.swift; sourceTree = "<group>"; };
		8E69197A1D21A202003A6FE2 /* GoogleService-Info.plist */ = {isa = PBXFileReference; fileEncoding = 4; lastKnownFileType = text.plist.xml; path = "GoogleService-Info.plist"; sourceTree = "<group>"; };
		8E69197F1D22D6B3003A6FE2 /* BatchClientPush.swift */ = {isa = PBXFileReference; fileEncoding = 4; lastKnownFileType = sourcecode.swift; path = BatchClientPush.swift; sourceTree = "<group>"; };
		8E6919811D22DE26003A6FE2 /* LikesManager.swift */ = {isa = PBXFileReference; fileEncoding = 4; lastKnownFileType = sourcecode.swift; path = LikesManager.swift; sourceTree = "<group>"; };
		8E6919841D25D76C003A6FE2 /* ReportVC.swift */ = {isa = PBXFileReference; fileEncoding = 4; lastKnownFileType = sourcecode.swift; path = ReportVC.swift; sourceTree = "<group>"; };
		8E85BF331D301F7400FEA09F /* OfflineManager.swift */ = {isa = PBXFileReference; fileEncoding = 4; lastKnownFileType = sourcecode.swift; path = OfflineManager.swift; sourceTree = "<group>"; };
		B83BF073F95B9F655447B335 /* Pods-grubb.debug.xcconfig */ = {isa = PBXFileReference; includeInIndex = 1; lastKnownFileType = text.xcconfig; name = "Pods-grubb.debug.xcconfig"; path = "Pods/Target Support Files/Pods-grubb/Pods-grubb.debug.xcconfig"; sourceTree = "<group>"; };
		EEF47434F0575E06892BACAB /* Pods_grubb.framework */ = {isa = PBXFileReference; explicitFileType = wrapper.framework; includeInIndex = 0; path = Pods_grubb.framework; sourceTree = BUILT_PRODUCTS_DIR; };
		FFADB9F121BA857DF89FBC94 /* Pods-grubb.release.xcconfig */ = {isa = PBXFileReference; includeInIndex = 1; lastKnownFileType = text.xcconfig; name = "Pods-grubb.release.xcconfig"; path = "Pods/Target Support Files/Pods-grubb/Pods-grubb.release.xcconfig"; sourceTree = "<group>"; };
/* End PBXFileReference section */

/* Begin PBXFrameworksBuildPhase section */
		8E54A6711D144996009D4506 /* Frameworks */ = {
			isa = PBXFrameworksBuildPhase;
			buildActionMask = 2147483647;
			files = (
				D455998AE30EE6517BEBD3CF /* Pods_grubb.framework in Frameworks */,
			);
			runOnlyForDeploymentPostprocessing = 0;
		};
/* End PBXFrameworksBuildPhase section */

/* Begin PBXGroup section */
		5C7B4758679729885FBFC842 /* Pods */ = {
			isa = PBXGroup;
			children = (
				B83BF073F95B9F655447B335 /* Pods-grubb.debug.xcconfig */,
				FFADB9F121BA857DF89FBC94 /* Pods-grubb.release.xcconfig */,
			);
			name = Pods;
			sourceTree = "<group>";
		};
		8E0137491D184CD30041FDAD /* Util */ = {
			isa = PBXGroup;
			children = (
				8E0137411D1739100041FDAD /* Constants.swift */,
			);
			name = Util;
			sourceTree = "<group>";
		};
		8E54A66B1D144996009D4506 = {
			isa = PBXGroup;
			children = (
				8E54A6761D144996009D4506 /* grubb */,
				8E54A6751D144996009D4506 /* Products */,
				5C7B4758679729885FBFC842 /* Pods */,
				C6B292F1ECF6E27324B9EFF8 /* Frameworks */,
			);
			sourceTree = "<group>";
		};
		8E54A6751D144996009D4506 /* Products */ = {
			isa = PBXGroup;
			children = (
				8E54A6741D144996009D4506 /* Grubb.app */,
			);
			name = Products;
			sourceTree = "<group>";
		};
		8E54A6761D144996009D4506 /* grubb */ = {
			isa = PBXGroup;
			children = (
				8E69197E1D22D69D003A6FE2 /* Services */,
				8E0137491D184CD30041FDAD /* Util */,
				8E54A68E1D144E86009D4506 /* Model */,
				8E54A68D1D144E83009D4506 /* View */,
				8E54A68C1D144E7C009D4506 /* Controller */,
				8E54A6771D144996009D4506 /* AppDelegate.swift */,
				8E54A67B1D144996009D4506 /* Main.storyboard */,
				8E54A6811D144996009D4506 /* Assets.xcassets */,
				8E54A6831D144996009D4506 /* LaunchScreen.storyboard */,
				8E69197A1D21A202003A6FE2 /* GoogleService-Info.plist */,
				8E54A6861D144996009D4506 /* Info.plist */,
				8E54A67E1D144996009D4506 /* grubb.xcdatamodeld */,
				8E0137541D189E180041FDAD /* grubb-Bridging-Header.h */,
			);
			path = grubb;
			sourceTree = "<group>";
		};
		8E54A68C1D144E7C009D4506 /* Controller */ = {
			isa = PBXGroup;
			children = (
				8E54A6791D144996009D4506 /* ViewController.swift */,
				8E54A6911D1458C0009D4506 /* ExploreVC.swift */,
				8E54A6951D146C9C009D4506 /* itemVC.swift */,
				8E54A6971D14B2CD009D4506 /* CameraVC.swift */,
				8E0137451D17525F0041FDAD /* newPostVC.swift */,
				8E0137771D1B398B0041FDAD /* MapVC.swift */,
				8E6919841D25D76C003A6FE2 /* ReportVC.swift */,
				8E3496FC1D2B734500273B0F /* foodImageModalVC.swift */,
			);
			name = Controller;
			sourceTree = "<group>";
		};
		8E54A68D1D144E83009D4506 /* View */ = {
			isa = PBXGroup;
			children = (
				8E54A6931D145AF6009D4506 /* FoodCell.swift */,
				8E01374C1D185CD10041FDAD /* newPostTextField.swift */,
				8E0137501D187D140041FDAD /* categoryButton.swift */,
				8E01376F1D1A4E600041FDAD /* searchField.swift */,
				8E0137691D19E4E80041FDAD /* DraggableView.swift */,
				8E01376D1D19E5200041FDAD /* OverlayView.swift */,
				8E01376B1D19E5070041FDAD /* DraggableViewBackground.swift */,
				8E01377D1D1DF5930041FDAD /* navigationView.swift */,
			);
			name = View;
			sourceTree = "<group>";
		};
		8E54A68E1D144E86009D4506 /* Model */ = {
			isa = PBXGroup;
			children = (
				8E54A68F1D14564A009D4506 /* Food.swift */,
				8E01377B1D1DA36A0041FDAD /* foodPreview.swift */,
			);
			name = Model;
			sourceTree = "<group>";
		};
		8E69197E1D22D69D003A6FE2 /* Services */ = {
			isa = PBXGroup;
			children = (
				8E69197F1D22D6B3003A6FE2 /* BatchClientPush.swift */,
				8E6919811D22DE26003A6FE2 /* LikesManager.swift */,
				8E85BF331D301F7400FEA09F /* OfflineManager.swift */,
			);
			name = Services;
			sourceTree = "<group>";
		};
		C6B292F1ECF6E27324B9EFF8 /* Frameworks */ = {
			isa = PBXGroup;
			children = (
				EEF47434F0575E06892BACAB /* Pods_grubb.framework */,
			);
			name = Frameworks;
			sourceTree = "<group>";
		};
/* End PBXGroup section */

/* Begin PBXNativeTarget section */
		8E54A6731D144996009D4506 /* grubb */ = {
			isa = PBXNativeTarget;
			buildConfigurationList = 8E54A6891D144996009D4506 /* Build configuration list for PBXNativeTarget "grubb" */;
			buildPhases = (
				DAA6DAC10D9F6632CEF37A28 /* [CP] Check Pods Manifest.lock */,
				8E54A6701D144996009D4506 /* Sources */,
				8E54A6711D144996009D4506 /* Frameworks */,
				8E54A6721D144996009D4506 /* Resources */,
				610ED32A187A092736287781 /* [CP] Embed Pods Frameworks */,
				840E7BA67E62C9F9954E2E50 /* [CP] Copy Pods Resources */,
			);
			buildRules = (
			);
			dependencies = (
			);
			name = grubb;
			productName = grubb;
			productReference = 8E54A6741D144996009D4506 /* Grubb.app */;
			productType = "com.apple.product-type.application";
		};
/* End PBXNativeTarget section */

/* Begin PBXProject section */
		8E54A66C1D144996009D4506 /* Project object */ = {
			isa = PBXProject;
			attributes = {
				LastSwiftUpdateCheck = 0730;
				LastUpgradeCheck = 0730;
				ORGANIZATIONNAME = grubbapp;
				TargetAttributes = {
					8E54A6731D144996009D4506 = {
						CreatedOnToolsVersion = 7.3.1;
						DevelopmentTeam = 732LS35PLA;
						SystemCapabilities = {
							com.apple.BackgroundModes = {
								enabled = 1;
							};
							com.apple.Push = {
								enabled = 1;
							};
						};
					};
				};
			};
			buildConfigurationList = 8E54A66F1D144996009D4506 /* Build configuration list for PBXProject "grubb" */;
			compatibilityVersion = "Xcode 3.2";
			developmentRegion = English;
			hasScannedForEncodings = 0;
			knownRegions = (
				en,
				Base,
			);
			mainGroup = 8E54A66B1D144996009D4506;
			productRefGroup = 8E54A6751D144996009D4506 /* Products */;
			projectDirPath = "";
			projectRoot = "";
			targets = (
				8E54A6731D144996009D4506 /* grubb */,
			);
		};
/* End PBXProject section */

/* Begin PBXResourcesBuildPhase section */
		8E54A6721D144996009D4506 /* Resources */ = {
			isa = PBXResourcesBuildPhase;
			buildActionMask = 2147483647;
			files = (
				8E54A6851D144996009D4506 /* LaunchScreen.storyboard in Resources */,
				8E69197B1D21A202003A6FE2 /* GoogleService-Info.plist in Resources */,
				8E54A6821D144996009D4506 /* Assets.xcassets in Resources */,
				8E54A67D1D144996009D4506 /* Main.storyboard in Resources */,
			);
			runOnlyForDeploymentPostprocessing = 0;
		};
/* End PBXResourcesBuildPhase section */

/* Begin PBXShellScriptBuildPhase section */
		610ED32A187A092736287781 /* [CP] Embed Pods Frameworks */ = {
			isa = PBXShellScriptBuildPhase;
			buildActionMask = 2147483647;
			files = (
			);
			inputPaths = (
			);
			name = "[CP] Embed Pods Frameworks";
			outputPaths = (
			);
			runOnlyForDeploymentPostprocessing = 0;
			shellPath = /bin/sh;
			shellScript = "\"${SRCROOT}/Pods/Target Support Files/Pods-grubb/Pods-grubb-frameworks.sh\"\n";
			showEnvVarsInLog = 0;
		};
		840E7BA67E62C9F9954E2E50 /* [CP] Copy Pods Resources */ = {
			isa = PBXShellScriptBuildPhase;
			buildActionMask = 2147483647;
			files = (
			);
			inputPaths = (
			);
			name = "[CP] Copy Pods Resources";
			outputPaths = (
			);
			runOnlyForDeploymentPostprocessing = 0;
			shellPath = /bin/sh;
			shellScript = "\"${SRCROOT}/Pods/Target Support Files/Pods-grubb/Pods-grubb-resources.sh\"\n";
			showEnvVarsInLog = 0;
		};
		DAA6DAC10D9F6632CEF37A28 /* [CP] Check Pods Manifest.lock */ = {
			isa = PBXShellScriptBuildPhase;
			buildActionMask = 2147483647;
			files = (
			);
			inputPaths = (
			);
			name = "[CP] Check Pods Manifest.lock";
			outputPaths = (
			);
			runOnlyForDeploymentPostprocessing = 0;
			shellPath = /bin/sh;
			shellScript = "diff \"${PODS_ROOT}/../Podfile.lock\" \"${PODS_ROOT}/Manifest.lock\" > /dev/null\nif [[ $? != 0 ]] ; then\n    cat << EOM\nerror: The sandbox is not in sync with the Podfile.lock. Run 'pod install' or update your CocoaPods installation.\nEOM\n    exit 1\nfi\n";
			showEnvVarsInLog = 0;
		};
/* End PBXShellScriptBuildPhase section */

/* Begin PBXSourcesBuildPhase section */
		8E54A6701D144996009D4506 /* Sources */ = {
			isa = PBXSourcesBuildPhase;
			buildActionMask = 2147483647;
			files = (
				8E01376C1D19E5070041FDAD /* DraggableViewBackground.swift in Sources */,
				8E54A67A1D144996009D4506 /* ViewController.swift in Sources */,
				8E01376A1D19E4E80041FDAD /* DraggableView.swift in Sources */,
				8E6919821D22DE26003A6FE2 /* LikesManager.swift in Sources */,
				8E54A6941D145AF6009D4506 /* FoodCell.swift in Sources */,
				8E85BF341D301F7400FEA09F /* OfflineManager.swift in Sources */,
				8E54A6901D14564A009D4506 /* Food.swift in Sources */,
				8E0137701D1A4E600041FDAD /* searchField.swift in Sources */,
				8E54A6981D14B2CD009D4506 /* CameraVC.swift in Sources */,
				8E3496FB1D2B72FD00273B0F /* newPostVC.swift in Sources */,
				8E3496FD1D2B734500273B0F /* foodImageModalVC.swift in Sources */,
				8E0137511D187D140041FDAD /* categoryButton.swift in Sources */,
				8E54A6921D1458C0009D4506 /* ExploreVC.swift in Sources */,
				8E0137781D1B398B0041FDAD /* MapVC.swift in Sources */,
				8E01376E1D19E5200041FDAD /* OverlayView.swift in Sources */,
				8E54A6801D144996009D4506 /* grubb.xcdatamodeld in Sources */,
				8E6919801D22D6B3003A6FE2 /* BatchClientPush.swift in Sources */,
				8E54A6781D144996009D4506 /* AppDelegate.swift in Sources */,
				8E6919851D25D76C003A6FE2 /* ReportVC.swift in Sources */,
				8E01377C1D1DA36A0041FDAD /* foodPreview.swift in Sources */,
				8E54A6961D146C9C009D4506 /* itemVC.swift in Sources */,
				8E0137421D1739100041FDAD /* Constants.swift in Sources */,
				8E01374D1D185CD10041FDAD /* newPostTextField.swift in Sources */,
				8E01377E1D1DF5930041FDAD /* navigationView.swift in Sources */,
			);
			runOnlyForDeploymentPostprocessing = 0;
		};
/* End PBXSourcesBuildPhase section */

/* Begin PBXVariantGroup section */
		8E54A67B1D144996009D4506 /* Main.storyboard */ = {
			isa = PBXVariantGroup;
			children = (
				8E54A67C1D144996009D4506 /* Base */,
			);
			name = Main.storyboard;
			sourceTree = "<group>";
		};
		8E54A6831D144996009D4506 /* LaunchScreen.storyboard */ = {
			isa = PBXVariantGroup;
			children = (
				8E54A6841D144996009D4506 /* Base */,
			);
			name = LaunchScreen.storyboard;
			sourceTree = "<group>";
		};
/* End PBXVariantGroup section */

/* Begin XCBuildConfiguration section */
		8E54A6871D144996009D4506 /* Debug */ = {
			isa = XCBuildConfiguration;
			buildSettings = {
				ALWAYS_SEARCH_USER_PATHS = NO;
				CLANG_ANALYZER_NONNULL = YES;
				CLANG_CXX_LANGUAGE_STANDARD = "gnu++0x";
				CLANG_CXX_LIBRARY = "libc++";
				CLANG_ENABLE_MODULES = YES;
				CLANG_ENABLE_OBJC_ARC = YES;
				CLANG_WARN_BOOL_CONVERSION = YES;
				CLANG_WARN_CONSTANT_CONVERSION = YES;
				CLANG_WARN_DIRECT_OBJC_ISA_USAGE = YES_ERROR;
				CLANG_WARN_EMPTY_BODY = YES;
				CLANG_WARN_ENUM_CONVERSION = YES;
				CLANG_WARN_INT_CONVERSION = YES;
				CLANG_WARN_OBJC_ROOT_CLASS = YES_ERROR;
				CLANG_WARN_UNREACHABLE_CODE = YES;
				CLANG_WARN__DUPLICATE_METHOD_MATCH = YES;
				"CODE_SIGN_IDENTITY[sdk=iphoneos*]" = "iPhone Developer";
				COPY_PHASE_STRIP = NO;
				DEBUG_INFORMATION_FORMAT = dwarf;
				ENABLE_STRICT_OBJC_MSGSEND = YES;
				ENABLE_TESTABILITY = YES;
				GCC_C_LANGUAGE_STANDARD = gnu99;
				GCC_DYNAMIC_NO_PIC = NO;
				GCC_NO_COMMON_BLOCKS = YES;
				GCC_OPTIMIZATION_LEVEL = 0;
				GCC_PREPROCESSOR_DEFINITIONS = (
					"DEBUG=1",
					"$(inherited)",
				);
				GCC_WARN_64_TO_32_BIT_CONVERSION = YES;
				GCC_WARN_ABOUT_RETURN_TYPE = YES_ERROR;
				GCC_WARN_UNDECLARED_SELECTOR = YES;
				GCC_WARN_UNINITIALIZED_AUTOS = YES_AGGRESSIVE;
				GCC_WARN_UNUSED_FUNCTION = YES;
				GCC_WARN_UNUSED_VARIABLE = YES;
				IPHONEOS_DEPLOYMENT_TARGET = 9.3;
				MTL_ENABLE_DEBUG_INFO = YES;
				ONLY_ACTIVE_ARCH = YES;
				SDKROOT = iphoneos;
				SWIFT_OPTIMIZATION_LEVEL = "-Onone";
			};
			name = Debug;
		};
		8E54A6881D144996009D4506 /* Release */ = {
			isa = XCBuildConfiguration;
			buildSettings = {
				ALWAYS_SEARCH_USER_PATHS = NO;
				CLANG_ANALYZER_NONNULL = YES;
				CLANG_CXX_LANGUAGE_STANDARD = "gnu++0x";
				CLANG_CXX_LIBRARY = "libc++";
				CLANG_ENABLE_MODULES = YES;
				CLANG_ENABLE_OBJC_ARC = YES;
				CLANG_WARN_BOOL_CONVERSION = YES;
				CLANG_WARN_CONSTANT_CONVERSION = YES;
				CLANG_WARN_DIRECT_OBJC_ISA_USAGE = YES_ERROR;
				CLANG_WARN_EMPTY_BODY = YES;
				CLANG_WARN_ENUM_CONVERSION = YES;
				CLANG_WARN_INT_CONVERSION = YES;
				CLANG_WARN_OBJC_ROOT_CLASS = YES_ERROR;
				CLANG_WARN_UNREACHABLE_CODE = YES;
				CLANG_WARN__DUPLICATE_METHOD_MATCH = YES;
				"CODE_SIGN_IDENTITY[sdk=iphoneos*]" = "iPhone Developer";
				COPY_PHASE_STRIP = NO;
				DEBUG_INFORMATION_FORMAT = "dwarf-with-dsym";
				ENABLE_NS_ASSERTIONS = NO;
				ENABLE_STRICT_OBJC_MSGSEND = YES;
				GCC_C_LANGUAGE_STANDARD = gnu99;
				GCC_NO_COMMON_BLOCKS = YES;
				GCC_WARN_64_TO_32_BIT_CONVERSION = YES;
				GCC_WARN_ABOUT_RETURN_TYPE = YES_ERROR;
				GCC_WARN_UNDECLARED_SELECTOR = YES;
				GCC_WARN_UNINITIALIZED_AUTOS = YES_AGGRESSIVE;
				GCC_WARN_UNUSED_FUNCTION = YES;
				GCC_WARN_UNUSED_VARIABLE = YES;
				IPHONEOS_DEPLOYMENT_TARGET = 9.3;
				MTL_ENABLE_DEBUG_INFO = NO;
				SDKROOT = iphoneos;
				VALIDATE_PRODUCT = YES;
			};
			name = Release;
		};
		8E54A68A1D144996009D4506 /* Debug */ = {
			isa = XCBuildConfiguration;
			baseConfigurationReference = B83BF073F95B9F655447B335 /* Pods-grubb.debug.xcconfig */;
			buildSettings = {
				ASSETCATALOG_COMPILER_APPICON_NAME = AppIcon;
				CLANG_ENABLE_MODULES = YES;
				CODE_SIGN_IDENTITY = "iPhone Developer";
				"CODE_SIGN_IDENTITY[sdk=iphoneos*]" = "iPhone Developer";
				FRAMEWORK_SEARCH_PATHS = (
					"$(inherited)",
					"$(PROJECT_DIR)",
				);
				INFOPLIST_FILE = grubb/Info.plist;
				LD_RUNPATH_SEARCH_PATHS = "$(inherited) @executable_path/Frameworks";
				PRODUCT_BUNDLE_IDENTIFIER = com.grubbapp.grubb;
				PRODUCT_NAME = Grubb;
				PROVISIONING_PROFILE = "6c06f6f3-42c8-4d2f-bd4f-8ca1ed1813fc";
				SWIFT_OBJC_BRIDGING_HEADER = "grubb/grubb-Bridging-Header.h";
				SWIFT_OPTIMIZATION_LEVEL = "-Onone";
			};
			name = Debug;
		};
		8E54A68B1D144996009D4506 /* Release */ = {
			isa = XCBuildConfiguration;
			baseConfigurationReference = FFADB9F121BA857DF89FBC94 /* Pods-grubb.release.xcconfig */;
			buildSettings = {
				ASSETCATALOG_COMPILER_APPICON_NAME = AppIcon;
				CLANG_ENABLE_MODULES = YES;
				CODE_SIGN_IDENTITY = "iPhone Distribution: Gordon Seto (732LS35PLA)";
				"CODE_SIGN_IDENTITY[sdk=iphoneos*]" = "iPhone Distribution: Gordon Seto (732LS35PLA)";
				FRAMEWORK_SEARCH_PATHS = (
					"$(inherited)",
					"$(PROJECT_DIR)",
				);
				INFOPLIST_FILE = grubb/Info.plist;
				LD_RUNPATH_SEARCH_PATHS = "$(inherited) @executable_path/Frameworks";
				PRODUCT_BUNDLE_IDENTIFIER = com.grubbapp.grubb;
				PRODUCT_NAME = Grubb;
				PROVISIONING_PROFILE = "6c06f6f3-42c8-4d2f-bd4f-8ca1ed1813fc";
				SWIFT_OBJC_BRIDGING_HEADER = "grubb/grubb-Bridging-Header.h";
			};
			name = Release;
		};
/* End XCBuildConfiguration section */

/* Begin XCConfigurationList section */
		8E54A66F1D144996009D4506 /* Build configuration list for PBXProject "grubb" */ = {
			isa = XCConfigurationList;
			buildConfigurations = (
				8E54A6871D144996009D4506 /* Debug */,
				8E54A6881D144996009D4506 /* Release */,
			);
			defaultConfigurationIsVisible = 0;
			defaultConfigurationName = Release;
		};
		8E54A6891D144996009D4506 /* Build configuration list for PBXNativeTarget "grubb" */ = {
			isa = XCConfigurationList;
			buildConfigurations = (
				8E54A68A1D144996009D4506 /* Debug */,
				8E54A68B1D144996009D4506 /* Release */,
			);
			defaultConfigurationIsVisible = 0;
			defaultConfigurationName = Release;
		};
/* End XCConfigurationList section */

/* Begin XCVersionGroup section */
		8E54A67E1D144996009D4506 /* grubb.xcdatamodeld */ = {
			isa = XCVersionGroup;
			children = (
				8E54A67F1D144996009D4506 /* grubb.xcdatamodel */,
			);
			currentVersion = 8E54A67F1D144996009D4506 /* grubb.xcdatamodel */;
			path = grubb.xcdatamodeld;
			sourceTree = "<group>";
			versionGroupType = wrapper.xcdatamodel;
		};
/* End XCVersionGroup section */
	};
	rootObject = 8E54A66C1D144996009D4506 /* Project object */;
}
